
Microsoft Visual Studio Solution File, Format Version 12.00
# Visual Studio Version 16
VisualStudioVersion = 16.0.29728.190
MinimumVisualStudioVersion = 10.0.40219.1
Project("{FAE04EC0-301F-11D3-BF4B-00C04F79EFBC}") = "MuConsoleTestClient", "MuConsoleTestClient.csproj", "{02DFEBC7-4380-4AAE-AB59-0564412F025E}"
EndProject
Global
	GlobalSection(SolutionConfigurationPlatforms) = preSolution
		Debug|Any CPU = Debug|Any CPU
		Release|Any CPU = Release|Any CPU
	EndGlobalSection
	GlobalSection(ProjectConfigurationPlatforms) = postSolution
		{02DFEBC7-4380-4AAE-AB59-0564412F025E}.Debug|Any CPU.ActiveCfg = Debug|Any CPU
		{02DFEBC7-4380-4AAE-AB59-0564412F025E}.Debug|Any CPU.Build.0 = Debug|Any CPU
		{02DFEBC7-4380-4AAE-AB59-0564412F025E}.Release|Any CPU.ActiveCfg = Release|Any CPU
		{02DFEBC7-4380-4AAE-AB59-0564412F025E}.Release|Any CPU.Build.0 = Release|Any CPU
	EndGlobalSection
	GlobalSection(SolutionProperties) = preSolution
		HideSolutionNode = FALSE
	EndGlobalSection
	GlobalSection(ExtensibilityGlobals) = postSolution
		SolutionGuid = {FC9B4EB9-D4C9-46B5-87BC-5F252E7A4396}
	EndGlobalSection
EndGlobal
